// !$*UTF8*$!
{
	archiveVersion = 1;
	classes = {
	};
	objectVersion = 48;
	objects = {

/* Begin PBXBuildFile section */
		46944BD2702FC58FFA853372 /* Pods_wenwen.framework in Frameworks */ = {isa = PBXBuildFile; fileRef = ED6093E4290654E6F27E2ABF /* Pods_wenwen.framework */; };
		BF03650D1FBAF29100C0D670 /* WWRegisterTwoViewController.swift in Sources */ = {isa = PBXBuildFile; fileRef = BF03650C1FBAF29100C0D670 /* WWRegisterTwoViewController.swift */; };
		BF1F53BB1FBC3E4A00EA8031 /* WWRegisterThreeViewController.swift in Sources */ = {isa = PBXBuildFile; fileRef = BF1F53BA1FBC3E4A00EA8031 /* WWRegisterThreeViewController.swift */; };
		BF1F53BD1FBC424000EA8031 /* LoopCollectionViewLayout.swift in Sources */ = {isa = PBXBuildFile; fileRef = BF1F53BC1FBC424000EA8031 /* LoopCollectionViewLayout.swift */; };
		BF1F53C31FBC484800EA8031 /* RegisterLoopCell.swift in Sources */ = {isa = PBXBuildFile; fileRef = BF1F53C11FBC484800EA8031 /* RegisterLoopCell.swift */; };
		BF1F53C41FBC484800EA8031 /* RegisterLoopCell.xib in Resources */ = {isa = PBXBuildFile; fileRef = BF1F53C21FBC484800EA8031 /* RegisterLoopCell.xib */; };
		BF1F53C71FBC81F900EA8031 /* WWLoginViewController.swift in Sources */ = {isa = PBXBuildFile; fileRef = BF1F53C61FBC81F900EA8031 /* WWLoginViewController.swift */; };
		BF1F53CA1FBDCAF000EA8031 /* WWHomeTabBarViewController.swift in Sources */ = {isa = PBXBuildFile; fileRef = BF1F53C91FBDCAF000EA8031 /* WWHomeTabBarViewController.swift */; };
		BF1F53CD1FBDD20600EA8031 /* WWFriendListViewController.swift in Sources */ = {isa = PBXBuildFile; fileRef = BF1F53CC1FBDD20600EA8031 /* WWFriendListViewController.swift */; };
		BF1F53D01FBDD28900EA8031 /* WWCircleViewController.swift in Sources */ = {isa = PBXBuildFile; fileRef = BF1F53CF1FBDD28900EA8031 /* WWCircleViewController.swift */; };
		BF1F53D31FBDD2A400EA8031 /* WWChatViewController.swift in Sources */ = {isa = PBXBuildFile; fileRef = BF1F53D21FBDD2A400EA8031 /* WWChatViewController.swift */; };
		BF1F53D61FBDD43A00EA8031 /* WWOverseaTreatmentViewController.swift in Sources */ = {isa = PBXBuildFile; fileRef = BF1F53D51FBDD43A00EA8031 /* WWOverseaTreatmentViewController.swift */; };
		BF1F53D91FBDD46B00EA8031 /* WWMeViewController.swift in Sources */ = {isa = PBXBuildFile; fileRef = BF1F53D81FBDD46B00EA8031 /* WWMeViewController.swift */; };
		BF6EA0471FB7007E00B49A85 /* WWAppDelegate.swift in Sources */ = {isa = PBXBuildFile; fileRef = BF6EA0461FB7007E00B49A85 /* WWAppDelegate.swift */; };
		BF6EA0491FB7007E00B49A85 /* WWViewController.swift in Sources */ = {isa = PBXBuildFile; fileRef = BF6EA0481FB7007E00B49A85 /* WWViewController.swift */; };
		BF6EA04E1FB7007E00B49A85 /* Assets.xcassets in Resources */ = {isa = PBXBuildFile; fileRef = BF6EA04D1FB7007E00B49A85 /* Assets.xcassets */; };
		BF6EA0511FB7007E00B49A85 /* LaunchScreen.storyboard in Resources */ = {isa = PBXBuildFile; fileRef = BF6EA04F1FB7007E00B49A85 /* LaunchScreen.storyboard */; };
		BF6EA05C1FB7007F00B49A85 /* wenwenTests.swift in Sources */ = {isa = PBXBuildFile; fileRef = BF6EA05B1FB7007F00B49A85 /* wenwenTests.swift */; };
		BF6EA06B1FB7031F00B49A85 /* Podfile in Resources */ = {isa = PBXBuildFile; fileRef = BF6EA06A1FB7031F00B49A85 /* Podfile */; };
		BF784F011FB7056E0008DC38 /* WWSpecs.swift in Sources */ = {isa = PBXBuildFile; fileRef = BF784F001FB7056E0008DC38 /* WWSpecs.swift */; };
		BF784F031FB705870008DC38 /* WWTheme.swift in Sources */ = {isa = PBXBuildFile; fileRef = BF784F021FB705870008DC38 /* WWTheme.swift */; };
		BF784F061FB731620008DC38 /* WWTextFieldView.swift in Sources */ = {isa = PBXBuildFile; fileRef = BF784F051FB731620008DC38 /* WWTextFieldView.swift */; };
		BF784F091FB7323B0008DC38 /* WWRegisterOneViewController.swift in Sources */ = {isa = PBXBuildFile; fileRef = BF784F081FB7323B0008DC38 /* WWRegisterOneViewController.swift */; };
		BF784F0C1FB733930008DC38 /* GCDHelper.swift in Sources */ = {isa = PBXBuildFile; fileRef = BF784F0B1FB733930008DC38 /* GCDHelper.swift */; };
		BF784F0E1FB733FA0008DC38 /* CountDownHandler.swift in Sources */ = {isa = PBXBuildFile; fileRef = BF784F0D1FB733FA0008DC38 /* CountDownHandler.swift */; };
/* End PBXBuildFile section */

/* Begin PBXContainerItemProxy section */
		BF6EA0581FB7007F00B49A85 /* PBXContainerItemProxy */ = {
			isa = PBXContainerItemProxy;
			containerPortal = BF6EA03B1FB7007E00B49A85 /* Project object */;
			proxyType = 1;
			remoteGlobalIDString = BF6EA0421FB7007E00B49A85;
			remoteInfo = wenwen;
		};
/* End PBXContainerItemProxy section */

/* Begin PBXFileReference section */
		13A6B2E58B4A77EDE31B91A0 /* Pods-wenwen.debug.xcconfig */ = {isa = PBXFileReference; includeInIndex = 1; lastKnownFileType = text.xcconfig; name = "Pods-wenwen.debug.xcconfig"; path = "Pods/Target Support Files/Pods-wenwen/Pods-wenwen.debug.xcconfig"; sourceTree = "<group>"; };
		AE2EDFDD2825DE01E76B06D5 /* Pods-wenwen.release.xcconfig */ = {isa = PBXFileReference; includeInIndex = 1; lastKnownFileType = text.xcconfig; name = "Pods-wenwen.release.xcconfig"; path = "Pods/Target Support Files/Pods-wenwen/Pods-wenwen.release.xcconfig"; sourceTree = "<group>"; };
		BF03650C1FBAF29100C0D670 /* WWRegisterTwoViewController.swift */ = {isa = PBXFileReference; lastKnownFileType = sourcecode.swift; path = WWRegisterTwoViewController.swift; sourceTree = "<group>"; };
		BF1F53BA1FBC3E4A00EA8031 /* WWRegisterThreeViewController.swift */ = {isa = PBXFileReference; lastKnownFileType = sourcecode.swift; path = WWRegisterThreeViewController.swift; sourceTree = "<group>"; };
		BF1F53BC1FBC424000EA8031 /* LoopCollectionViewLayout.swift */ = {isa = PBXFileReference; lastKnownFileType = sourcecode.swift; path = LoopCollectionViewLayout.swift; sourceTree = "<group>"; };
		BF1F53C11FBC484800EA8031 /* RegisterLoopCell.swift */ = {isa = PBXFileReference; lastKnownFileType = sourcecode.swift; path = RegisterLoopCell.swift; sourceTree = "<group>"; };
		BF1F53C21FBC484800EA8031 /* RegisterLoopCell.xib */ = {isa = PBXFileReference; lastKnownFileType = file.xib; path = RegisterLoopCell.xib; sourceTree = "<group>"; };
		BF1F53C61FBC81F900EA8031 /* WWLoginViewController.swift */ = {isa = PBXFileReference; lastKnownFileType = sourcecode.swift; path = WWLoginViewController.swift; sourceTree = "<group>"; };
		BF1F53C91FBDCAF000EA8031 /* WWHomeTabBarViewController.swift */ = {isa = PBXFileReference; lastKnownFileType = sourcecode.swift; path = WWHomeTabBarViewController.swift; sourceTree = "<group>"; };
		BF1F53CC1FBDD20600EA8031 /* WWFriendListViewController.swift */ = {isa = PBXFileReference; lastKnownFileType = sourcecode.swift; path = WWFriendListViewController.swift; sourceTree = "<group>"; };
		BF1F53CF1FBDD28900EA8031 /* WWCircleViewController.swift */ = {isa = PBXFileReference; lastKnownFileType = sourcecode.swift; path = WWCircleViewController.swift; sourceTree = "<group>"; };
		BF1F53D21FBDD2A400EA8031 /* WWChatViewController.swift */ = {isa = PBXFileReference; lastKnownFileType = sourcecode.swift; path = WWChatViewController.swift; sourceTree = "<group>"; };
		BF1F53D51FBDD43A00EA8031 /* WWOverseaTreatmentViewController.swift */ = {isa = PBXFileReference; lastKnownFileType = sourcecode.swift; path = WWOverseaTreatmentViewController.swift; sourceTree = "<group>"; };
		BF1F53D81FBDD46B00EA8031 /* WWMeViewController.swift */ = {isa = PBXFileReference; lastKnownFileType = sourcecode.swift; path = WWMeViewController.swift; sourceTree = "<group>"; };
		BF6EA0431FB7007E00B49A85 /* wenwen.app */ = {isa = PBXFileReference; explicitFileType = wrapper.application; includeInIndex = 0; path = wenwen.app; sourceTree = BUILT_PRODUCTS_DIR; };
		BF6EA0461FB7007E00B49A85 /* WWAppDelegate.swift */ = {isa = PBXFileReference; lastKnownFileType = sourcecode.swift; path = WWAppDelegate.swift; sourceTree = "<group>"; };
		BF6EA0481FB7007E00B49A85 /* WWViewController.swift */ = {isa = PBXFileReference; lastKnownFileType = sourcecode.swift; path = WWViewController.swift; sourceTree = "<group>"; };
		BF6EA04D1FB7007E00B49A85 /* Assets.xcassets */ = {isa = PBXFileReference; lastKnownFileType = folder.assetcatalog; path = Assets.xcassets; sourceTree = "<group>"; };
		BF6EA0501FB7007E00B49A85 /* Base */ = {isa = PBXFileReference; lastKnownFileType = file.storyboard; name = Base; path = Base.lproj/LaunchScreen.storyboard; sourceTree = "<group>"; };
		BF6EA0521FB7007E00B49A85 /* Info.plist */ = {isa = PBXFileReference; lastKnownFileType = text.plist.xml; path = Info.plist; sourceTree = "<group>"; };
		BF6EA0571FB7007E00B49A85 /* wenwenTests.xctest */ = {isa = PBXFileReference; explicitFileType = wrapper.cfbundle; includeInIndex = 0; path = wenwenTests.xctest; sourceTree = BUILT_PRODUCTS_DIR; };
		BF6EA05B1FB7007F00B49A85 /* wenwenTests.swift */ = {isa = PBXFileReference; lastKnownFileType = sourcecode.swift; path = wenwenTests.swift; sourceTree = "<group>"; };
		BF6EA05D1FB7007F00B49A85 /* Info.plist */ = {isa = PBXFileReference; lastKnownFileType = text.plist.xml; path = Info.plist; sourceTree = "<group>"; };
		BF6EA06A1FB7031F00B49A85 /* Podfile */ = {isa = PBXFileReference; lastKnownFileType = text; path = Podfile; sourceTree = "<group>"; };
		BF784F001FB7056E0008DC38 /* WWSpecs.swift */ = {isa = PBXFileReference; lastKnownFileType = sourcecode.swift; path = WWSpecs.swift; sourceTree = "<group>"; };
		BF784F021FB705870008DC38 /* WWTheme.swift */ = {isa = PBXFileReference; lastKnownFileType = sourcecode.swift; path = WWTheme.swift; sourceTree = "<group>"; };
		BF784F051FB731620008DC38 /* WWTextFieldView.swift */ = {isa = PBXFileReference; lastKnownFileType = sourcecode.swift; path = WWTextFieldView.swift; sourceTree = "<group>"; };
		BF784F081FB7323B0008DC38 /* WWRegisterOneViewController.swift */ = {isa = PBXFileReference; lastKnownFileType = sourcecode.swift; path = WWRegisterOneViewController.swift; sourceTree = "<group>"; };
		BF784F0B1FB733930008DC38 /* GCDHelper.swift */ = {isa = PBXFileReference; lastKnownFileType = sourcecode.swift; path = GCDHelper.swift; sourceTree = "<group>"; };
		BF784F0D1FB733FA0008DC38 /* CountDownHandler.swift */ = {isa = PBXFileReference; lastKnownFileType = sourcecode.swift; path = CountDownHandler.swift; sourceTree = "<group>"; };
		BFFE76131FBF236000E5D472 /* Wenwen-Bridging-Header.h */ = {isa = PBXFileReference; lastKnownFileType = sourcecode.c.h; path = "Wenwen-Bridging-Header.h"; sourceTree = "<group>"; };
		ED6093E4290654E6F27E2ABF /* Pods_wenwen.framework */ = {isa = PBXFileReference; explicitFileType = wrapper.framework; includeInIndex = 0; path = Pods_wenwen.framework; sourceTree = BUILT_PRODUCTS_DIR; };
/* End PBXFileReference section */

/* Begin PBXFrameworksBuildPhase section */
		BF6EA0401FB7007E00B49A85 /* Frameworks */ = {
			isa = PBXFrameworksBuildPhase;
			buildActionMask = 2147483647;
			files = (
				46944BD2702FC58FFA853372 /* Pods_wenwen.framework in Frameworks */,
			);
			runOnlyForDeploymentPostprocessing = 0;
		};
		BF6EA0541FB7007E00B49A85 /* Frameworks */ = {
			isa = PBXFrameworksBuildPhase;
			buildActionMask = 2147483647;
			files = (
			);
			runOnlyForDeploymentPostprocessing = 0;
		};
/* End PBXFrameworksBuildPhase section */

/* Begin PBXGroup section */
		321E45B7295F824284DCA55C /* Frameworks */ = {
			isa = PBXGroup;
			children = (
				ED6093E4290654E6F27E2ABF /* Pods_wenwen.framework */,
			);
			name = Frameworks;
			sourceTree = "<group>";
		};
		9B72ADB5A23250E8597D509E /* Pods */ = {
			isa = PBXGroup;
			children = (
				13A6B2E58B4A77EDE31B91A0 /* Pods-wenwen.debug.xcconfig */,
				AE2EDFDD2825DE01E76B06D5 /* Pods-wenwen.release.xcconfig */,
			);
			name = Pods;
			sourceTree = "<group>";
		};
		BF1F53BE1FBC42E000EA8031 /* Cell */ = {
			isa = PBXGroup;
			children = (
				BF1F53C11FBC484800EA8031 /* RegisterLoopCell.swift */,
				BF1F53C21FBC484800EA8031 /* RegisterLoopCell.xib */,
			);
			path = Cell;
			sourceTree = "<group>";
		};
		BF1F53C51FBC81A900EA8031 /* Login */ = {
			isa = PBXGroup;
			children = (
				BF1F53C61FBC81F900EA8031 /* WWLoginViewController.swift */,
			);
			path = Login;
			sourceTree = "<group>";
		};
		BF1F53C81FBDCA5D00EA8031 /* TabBarController */ = {
			isa = PBXGroup;
			children = (
				BF1F53C91FBDCAF000EA8031 /* WWHomeTabBarViewController.swift */,
			);
			path = TabBarController;
			sourceTree = "<group>";
		};
		BF1F53CB1FBDD0D900EA8031 /* FriendListTab */ = {
			isa = PBXGroup;
			children = (
				BF1F53CC1FBDD20600EA8031 /* WWFriendListViewController.swift */,
			);
			path = FriendListTab;
			sourceTree = "<group>";
		};
		BF1F53CE1FBDD21900EA8031 /* CircleTab */ = {
			isa = PBXGroup;
			children = (
				BF1F53CF1FBDD28900EA8031 /* WWCircleViewController.swift */,
			);
			path = CircleTab;
			sourceTree = "<group>";
		};
		BF1F53D11FBDD29300EA8031 /* ChatTab */ = {
			isa = PBXGroup;
			children = (
				BF1F53D21FBDD2A400EA8031 /* WWChatViewController.swift */,
			);
			path = ChatTab;
			sourceTree = "<group>";
		};
		BF1F53D41FBDD3FB00EA8031 /* OverseaTreatmentTab */ = {
			isa = PBXGroup;
			children = (
				BF1F53D51FBDD43A00EA8031 /* WWOverseaTreatmentViewController.swift */,
			);
			path = OverseaTreatmentTab;
			sourceTree = "<group>";
		};
		BF1F53D71FBDD45500EA8031 /* MeTab */ = {
			isa = PBXGroup;
			children = (
				BF1F53D81FBDD46B00EA8031 /* WWMeViewController.swift */,
			);
			path = MeTab;
			sourceTree = "<group>";
		};
		BF6EA03A1FB7007E00B49A85 = {
			isa = PBXGroup;
			children = (
				BF6EA06A1FB7031F00B49A85 /* Podfile */,
				BF6EA0451FB7007E00B49A85 /* wenwen */,
				BF6EA05A1FB7007F00B49A85 /* wenwenTests */,
				BF6EA0441FB7007E00B49A85 /* Products */,
				9B72ADB5A23250E8597D509E /* Pods */,
				321E45B7295F824284DCA55C /* Frameworks */,
			);
			sourceTree = "<group>";
		};
		BF6EA0441FB7007E00B49A85 /* Products */ = {
			isa = PBXGroup;
			children = (
				BF6EA0431FB7007E00B49A85 /* wenwen.app */,
				BF6EA0571FB7007E00B49A85 /* wenwenTests.xctest */,
			);
			name = Products;
			sourceTree = "<group>";
		};
		BF6EA0451FB7007E00B49A85 /* wenwen */ = {
			isa = PBXGroup;
			children = (
				BF6EA0461FB7007E00B49A85 /* WWAppDelegate.swift */,
				BF6EA0681FB701C100B49A85 /* Controller */,
				BF6EA0671FB701BC00B49A85 /* View */,
				BF6EA0661FB701B300B49A85 /* Model */,
				BF6EA06D1FB704CF00B49A85 /* Tools */,
				BF6EA0691FB701E300B49A85 /* Resource */,
			);
			path = wenwen;
			sourceTree = "<group>";
		};
		BF6EA05A1FB7007F00B49A85 /* wenwenTests */ = {
			isa = PBXGroup;
			children = (
				BF6EA05B1FB7007F00B49A85 /* wenwenTests.swift */,
				BF6EA05D1FB7007F00B49A85 /* Info.plist */,
			);
			path = wenwenTests;
			sourceTree = "<group>";
		};
		BF6EA0661FB701B300B49A85 /* Model */ = {
			isa = PBXGroup;
			children = (
			);
			path = Model;
			sourceTree = "<group>";
		};
		BF6EA0671FB701BC00B49A85 /* View */ = {
			isa = PBXGroup;
			children = (
				BF1F53BE1FBC42E000EA8031 /* Cell */,
				BF784F071FB731660008DC38 /* Common */,
			);
			path = View;
			sourceTree = "<group>";
		};
		BF6EA0681FB701C100B49A85 /* Controller */ = {
			isa = PBXGroup;
			children = (
				BF1F53D71FBDD45500EA8031 /* MeTab */,
				BF1F53D41FBDD3FB00EA8031 /* OverseaTreatmentTab */,
				BF1F53D11FBDD29300EA8031 /* ChatTab */,
				BF1F53CE1FBDD21900EA8031 /* CircleTab */,
				BF1F53CB1FBDD0D900EA8031 /* FriendListTab */,
				BF1F53C81FBDCA5D00EA8031 /* TabBarController */,
				BF1F53C51FBC81A900EA8031 /* Login */,
				BF784F0A1FB732400008DC38 /* Register */,
				BF784F041FB70A2D0008DC38 /* Base */,
			);
			path = Controller;
			sourceTree = "<group>";
		};
		BF6EA0691FB701E300B49A85 /* Resource */ = {
			isa = PBXGroup;
			children = (
				BF6EA04D1FB7007E00B49A85 /* Assets.xcassets */,
				BF6EA04F1FB7007E00B49A85 /* LaunchScreen.storyboard */,
				BF6EA0521FB7007E00B49A85 /* Info.plist */,
				BFFE76131FBF236000E5D472 /* Wenwen-Bridging-Header.h */,
			);
			path = Resource;
			sourceTree = "<group>";
		};
		BF6EA06D1FB704CF00B49A85 /* Tools */ = {
			isa = PBXGroup;
			children = (
				BF784F001FB7056E0008DC38 /* WWSpecs.swift */,
				BF784F021FB705870008DC38 /* WWTheme.swift */,
				BF784F0B1FB733930008DC38 /* GCDHelper.swift */,
				BF784F0D1FB733FA0008DC38 /* CountDownHandler.swift */,
			);
			path = Tools;
			sourceTree = "<group>";
		};
		BF784F041FB70A2D0008DC38 /* Base */ = {
			isa = PBXGroup;
			children = (
				BF6EA0481FB7007E00B49A85 /* WWViewController.swift */,
			);
			path = Base;
			sourceTree = "<group>";
		};
		BF784F071FB731660008DC38 /* Common */ = {
			isa = PBXGroup;
			children = (
				BF784F051FB731620008DC38 /* WWTextFieldView.swift */,
				BF1F53BC1FBC424000EA8031 /* LoopCollectionViewLayout.swift */,
			);
			path = Common;
			sourceTree = "<group>";
		};
		BF784F0A1FB732400008DC38 /* Register */ = {
			isa = PBXGroup;
			children = (
				BF784F081FB7323B0008DC38 /* WWRegisterOneViewController.swift */,
				BF03650C1FBAF29100C0D670 /* WWRegisterTwoViewController.swift */,
				BF1F53BA1FBC3E4A00EA8031 /* WWRegisterThreeViewController.swift */,
			);
			path = Register;
			sourceTree = "<group>";
		};
/* End PBXGroup section */

/* Begin PBXNativeTarget section */
		BF6EA0421FB7007E00B49A85 /* wenwen */ = {
			isa = PBXNativeTarget;
			buildConfigurationList = BF6EA0601FB7007F00B49A85 /* Build configuration list for PBXNativeTarget "wenwen" */;
			buildPhases = (
				1EFEBB0B6AC08B0EE3A17012 /* [CP] Check Pods Manifest.lock */,
				BF6EA03F1FB7007E00B49A85 /* Sources */,
				BF6EA0401FB7007E00B49A85 /* Frameworks */,
				BF6EA0411FB7007E00B49A85 /* Resources */,
				F3C858508C598B950D97CCD4 /* [CP] Embed Pods Frameworks */,
				7487D6AB4A8146FFA89975FE /* [CP] Copy Pods Resources */,
			);
			buildRules = (
			);
			dependencies = (
			);
			name = wenwen;
			productName = wenwen;
			productReference = BF6EA0431FB7007E00B49A85 /* wenwen.app */;
			productType = "com.apple.product-type.application";
		};
		BF6EA0561FB7007E00B49A85 /* wenwenTests */ = {
			isa = PBXNativeTarget;
			buildConfigurationList = BF6EA0631FB7007F00B49A85 /* Build configuration list for PBXNativeTarget "wenwenTests" */;
			buildPhases = (
				BF6EA0531FB7007E00B49A85 /* Sources */,
				BF6EA0541FB7007E00B49A85 /* Frameworks */,
				BF6EA0551FB7007E00B49A85 /* Resources */,
			);
			buildRules = (
			);
			dependencies = (
				BF6EA0591FB7007F00B49A85 /* PBXTargetDependency */,
			);
			name = wenwenTests;
			productName = wenwenTests;
			productReference = BF6EA0571FB7007E00B49A85 /* wenwenTests.xctest */;
			productType = "com.apple.product-type.bundle.unit-test";
		};
/* End PBXNativeTarget section */

/* Begin PBXProject section */
		BF6EA03B1FB7007E00B49A85 /* Project object */ = {
			isa = PBXProject;
			attributes = {
				LastSwiftUpdateCheck = 0910;
				LastUpgradeCheck = 0910;
				ORGANIZATIONNAME = wenwenkeji;
				TargetAttributes = {
					BF6EA0421FB7007E00B49A85 = {
						CreatedOnToolsVersion = 9.1;
						ProvisioningStyle = Automatic;
					};
					BF6EA0561FB7007E00B49A85 = {
						CreatedOnToolsVersion = 9.1;
						ProvisioningStyle = Automatic;
						TestTargetID = BF6EA0421FB7007E00B49A85;
					};
				};
			};
			buildConfigurationList = BF6EA03E1FB7007E00B49A85 /* Build configuration list for PBXProject "wenwen" */;
			compatibilityVersion = "Xcode 8.0";
			developmentRegion = en;
			hasScannedForEncodings = 0;
			knownRegions = (
				en,
				Base,
			);
			mainGroup = BF6EA03A1FB7007E00B49A85;
			productRefGroup = BF6EA0441FB7007E00B49A85 /* Products */;
			projectDirPath = "";
			projectRoot = "";
			targets = (
				BF6EA0421FB7007E00B49A85 /* wenwen */,
				BF6EA0561FB7007E00B49A85 /* wenwenTests */,
			);
		};
/* End PBXProject section */

/* Begin PBXResourcesBuildPhase section */
		BF6EA0411FB7007E00B49A85 /* Resources */ = {
			isa = PBXResourcesBuildPhase;
			buildActionMask = 2147483647;
			files = (
				BF1F53C41FBC484800EA8031 /* RegisterLoopCell.xib in Resources */,
				BF6EA06B1FB7031F00B49A85 /* Podfile in Resources */,
				BF6EA0511FB7007E00B49A85 /* LaunchScreen.storyboard in Resources */,
				BF6EA04E1FB7007E00B49A85 /* Assets.xcassets in Resources */,
			);
			runOnlyForDeploymentPostprocessing = 0;
		};
		BF6EA0551FB7007E00B49A85 /* Resources */ = {
			isa = PBXResourcesBuildPhase;
			buildActionMask = 2147483647;
			files = (
			);
			runOnlyForDeploymentPostprocessing = 0;
		};
/* End PBXResourcesBuildPhase section */

/* Begin PBXShellScriptBuildPhase section */
		1EFEBB0B6AC08B0EE3A17012 /* [CP] Check Pods Manifest.lock */ = {
			isa = PBXShellScriptBuildPhase;
			buildActionMask = 2147483647;
			files = (
			);
			inputPaths = (
				"${PODS_PODFILE_DIR_PATH}/Podfile.lock",
				"${PODS_ROOT}/Manifest.lock",
			);
			name = "[CP] Check Pods Manifest.lock";
			outputPaths = (
				"$(DERIVED_FILE_DIR)/Pods-wenwen-checkManifestLockResult.txt",
			);
			runOnlyForDeploymentPostprocessing = 0;
			shellPath = /bin/sh;
			shellScript = "diff \"${PODS_PODFILE_DIR_PATH}/Podfile.lock\" \"${PODS_ROOT}/Manifest.lock\" > /dev/null\nif [ $? != 0 ] ; then\n    # print error to STDERR\n    echo \"error: The sandbox is not in sync with the Podfile.lock. Run 'pod install' or update your CocoaPods installation.\" >&2\n    exit 1\nfi\n# This output is used by Xcode 'outputs' to avoid re-running this script phase.\necho \"SUCCESS\" > \"${SCRIPT_OUTPUT_FILE_0}\"\n";
			showEnvVarsInLog = 0;
		};
		7487D6AB4A8146FFA89975FE /* [CP] Copy Pods Resources */ = {
			isa = PBXShellScriptBuildPhase;
			buildActionMask = 2147483647;
			files = (
			);
			inputPaths = (
			);
			name = "[CP] Copy Pods Resources";
			outputPaths = (
			);
			runOnlyForDeploymentPostprocessing = 0;
			shellPath = /bin/sh;
			shellScript = "\"${SRCROOT}/Pods/Target Support Files/Pods-wenwen/Pods-wenwen-resources.sh\"\n";
			showEnvVarsInLog = 0;
		};
		F3C858508C598B950D97CCD4 /* [CP] Embed Pods Frameworks */ = {
			isa = PBXShellScriptBuildPhase;
			buildActionMask = 2147483647;
			files = (
			);
			inputPaths = (
				"${SRCROOT}/Pods/Target Support Files/Pods-wenwen/Pods-wenwen-frameworks.sh",
				"${BUILT_PRODUCTS_DIR}/Alamofire/Alamofire.framework",
				"${BUILT_PRODUCTS_DIR}/IQKeyboardManager/IQKeyboardManager.framework",
				"${BUILT_PRODUCTS_DIR}/Kingfisher/Kingfisher.framework",
				"${BUILT_PRODUCTS_DIR}/MJRefresh/MJRefresh.framework",
				"${BUILT_PRODUCTS_DIR}/SVProgressHUD/SVProgressHUD.framework",
				"${BUILT_PRODUCTS_DIR}/SnapKit/SnapKit.framework",
				"${BUILT_PRODUCTS_DIR}/SwiftyJSON/SwiftyJSON.framework",
				"${BUILT_PRODUCTS_DIR}/YYCache/YYCache.framework",
				"${BUILT_PRODUCTS_DIR}/YYCategories/YYCategories.framework",
				"${BUILT_PRODUCTS_DIR}/iCarousel/iCarousel.framework",
			);
			name = "[CP] Embed Pods Frameworks";
			outputPaths = (
				"${TARGET_BUILD_DIR}/${FRAMEWORKS_FOLDER_PATH}/Alamofire.framework",
				"${TARGET_BUILD_DIR}/${FRAMEWORKS_FOLDER_PATH}/IQKeyboardManager.framework",
				"${TARGET_BUILD_DIR}/${FRAMEWORKS_FOLDER_PATH}/Kingfisher.framework",
				"${TARGET_BUILD_DIR}/${FRAMEWORKS_FOLDER_PATH}/MJRefresh.framework",
				"${TARGET_BUILD_DIR}/${FRAMEWORKS_FOLDER_PATH}/SVProgressHUD.framework",
				"${TARGET_BUILD_DIR}/${FRAMEWORKS_FOLDER_PATH}/SnapKit.framework",
				"${TARGET_BUILD_DIR}/${FRAMEWORKS_FOLDER_PATH}/SwiftyJSON.framework",
				"${TARGET_BUILD_DIR}/${FRAMEWORKS_FOLDER_PATH}/YYCache.framework",
				"${TARGET_BUILD_DIR}/${FRAMEWORKS_FOLDER_PATH}/YYCategories.framework",
				"${TARGET_BUILD_DIR}/${FRAMEWORKS_FOLDER_PATH}/iCarousel.framework",
			);
			runOnlyForDeploymentPostprocessing = 0;
			shellPath = /bin/sh;
			shellScript = "\"${SRCROOT}/Pods/Target Support Files/Pods-wenwen/Pods-wenwen-frameworks.sh\"\n";
			showEnvVarsInLog = 0;
		};
/* End PBXShellScriptBuildPhase section */

/* Begin PBXSourcesBuildPhase section */
		BF6EA03F1FB7007E00B49A85 /* Sources */ = {
			isa = PBXSourcesBuildPhase;
			buildActionMask = 2147483647;
			files = (
				BF1F53C71FBC81F900EA8031 /* WWLoginViewController.swift in Sources */,
				BF784F0E1FB733FA0008DC38 /* CountDownHandler.swift in Sources */,
				BF03650D1FBAF29100C0D670 /* WWRegisterTwoViewController.swift in Sources */,
				BF1F53D61FBDD43A00EA8031 /* WWOverseaTreatmentViewController.swift in Sources */,
				BF784F011FB7056E0008DC38 /* WWSpecs.swift in Sources */,
				BF784F031FB705870008DC38 /* WWTheme.swift in Sources */,
				BF1F53C31FBC484800EA8031 /* RegisterLoopCell.swift in Sources */,
				BF1F53D01FBDD28900EA8031 /* WWCircleViewController.swift in Sources */,
				BF1F53BB1FBC3E4A00EA8031 /* WWRegisterThreeViewController.swift in Sources */,
				BF784F091FB7323B0008DC38 /* WWRegisterOneViewController.swift in Sources */,
				BF1F53D31FBDD2A400EA8031 /* WWChatViewController.swift in Sources */,
				BF6EA0491FB7007E00B49A85 /* WWViewController.swift in Sources */,
				BF1F53BD1FBC424000EA8031 /* LoopCollectionViewLayout.swift in Sources */,
				BF6EA0471FB7007E00B49A85 /* WWAppDelegate.swift in Sources */,
				BF1F53D91FBDD46B00EA8031 /* WWMeViewController.swift in Sources */,
				BF1F53CD1FBDD20600EA8031 /* WWFriendListViewController.swift in Sources */,
				BF784F061FB731620008DC38 /* WWTextFieldView.swift in Sources */,
				BF1F53CA1FBDCAF000EA8031 /* WWHomeTabBarViewController.swift in Sources */,
				BF784F0C1FB733930008DC38 /* GCDHelper.swift in Sources */,
			);
			runOnlyForDeploymentPostprocessing = 0;
		};
		BF6EA0531FB7007E00B49A85 /* Sources */ = {
			isa = PBXSourcesBuildPhase;
			buildActionMask = 2147483647;
			files = (
				BF6EA05C1FB7007F00B49A85 /* wenwenTests.swift in Sources */,
			);
			runOnlyForDeploymentPostprocessing = 0;
		};
/* End PBXSourcesBuildPhase section */

/* Begin PBXTargetDependency section */
		BF6EA0591FB7007F00B49A85 /* PBXTargetDependency */ = {
			isa = PBXTargetDependency;
			target = BF6EA0421FB7007E00B49A85 /* wenwen */;
			targetProxy = BF6EA0581FB7007F00B49A85 /* PBXContainerItemProxy */;
		};
/* End PBXTargetDependency section */

/* Begin PBXVariantGroup section */
		BF6EA04F1FB7007E00B49A85 /* LaunchScreen.storyboard */ = {
			isa = PBXVariantGroup;
			children = (
				BF6EA0501FB7007E00B49A85 /* Base */,
			);
			name = LaunchScreen.storyboard;
			sourceTree = "<group>";
		};
/* End PBXVariantGroup section */

/* Begin XCBuildConfiguration section */
		BF6EA05E1FB7007F00B49A85 /* Debug */ = {
			isa = XCBuildConfiguration;
			buildSettings = {
				ALWAYS_SEARCH_USER_PATHS = NO;
				CLANG_ANALYZER_NONNULL = YES;
				CLANG_ANALYZER_NUMBER_OBJECT_CONVERSION = YES_AGGRESSIVE;
				CLANG_CXX_LANGUAGE_STANDARD = "gnu++14";
				CLANG_CXX_LIBRARY = "libc++";
				CLANG_ENABLE_MODULES = YES;
				CLANG_ENABLE_OBJC_ARC = YES;
				CLANG_WARN_BLOCK_CAPTURE_AUTORELEASING = YES;
				CLANG_WARN_BOOL_CONVERSION = YES;
				CLANG_WARN_COMMA = YES;
				CLANG_WARN_CONSTANT_CONVERSION = YES;
				CLANG_WARN_DIRECT_OBJC_ISA_USAGE = YES_ERROR;
				CLANG_WARN_DOCUMENTATION_COMMENTS = YES;
				CLANG_WARN_EMPTY_BODY = YES;
				CLANG_WARN_ENUM_CONVERSION = YES;
				CLANG_WARN_INFINITE_RECURSION = YES;
				CLANG_WARN_INT_CONVERSION = YES;
				CLANG_WARN_NON_LITERAL_NULL_CONVERSION = YES;
				CLANG_WARN_OBJC_LITERAL_CONVERSION = YES;
				CLANG_WARN_OBJC_ROOT_CLASS = YES_ERROR;
				CLANG_WARN_RANGE_LOOP_ANALYSIS = YES;
				CLANG_WARN_STRICT_PROTOTYPES = YES;
				CLANG_WARN_SUSPICIOUS_MOVE = YES;
				CLANG_WARN_UNGUARDED_AVAILABILITY = YES_AGGRESSIVE;
				CLANG_WARN_UNREACHABLE_CODE = YES;
				CLANG_WARN__DUPLICATE_METHOD_MATCH = YES;
				CODE_SIGN_IDENTITY = "iPhone Developer";
				COPY_PHASE_STRIP = NO;
				DEBUG_INFORMATION_FORMAT = dwarf;
				ENABLE_STRICT_OBJC_MSGSEND = YES;
				ENABLE_TESTABILITY = YES;
				GCC_C_LANGUAGE_STANDARD = gnu11;
				GCC_DYNAMIC_NO_PIC = NO;
				GCC_NO_COMMON_BLOCKS = YES;
				GCC_OPTIMIZATION_LEVEL = 0;
				GCC_PREPROCESSOR_DEFINITIONS = (
					"DEBUG=1",
					"$(inherited)",
				);
				GCC_WARN_64_TO_32_BIT_CONVERSION = YES;
				GCC_WARN_ABOUT_RETURN_TYPE = YES_ERROR;
				GCC_WARN_UNDECLARED_SELECTOR = YES;
				GCC_WARN_UNINITIALIZED_AUTOS = YES_AGGRESSIVE;
				GCC_WARN_UNUSED_FUNCTION = YES;
				GCC_WARN_UNUSED_VARIABLE = YES;
				IPHONEOS_DEPLOYMENT_TARGET = 8.0;
				MTL_ENABLE_DEBUG_INFO = YES;
				ONLY_ACTIVE_ARCH = YES;
				SDKROOT = iphoneos;
				SWIFT_ACTIVE_COMPILATION_CONDITIONS = DEBUG;
				SWIFT_OPTIMIZATION_LEVEL = "-Onone";
			};
			name = Debug;
		};
		BF6EA05F1FB7007F00B49A85 /* Release */ = {
			isa = XCBuildConfiguration;
			buildSettings = {
				ALWAYS_SEARCH_USER_PATHS = NO;
				CLANG_ANALYZER_NONNULL = YES;
				CLANG_ANALYZER_NUMBER_OBJECT_CONVERSION = YES_AGGRESSIVE;
				CLANG_CXX_LANGUAGE_STANDARD = "gnu++14";
				CLANG_CXX_LIBRARY = "libc++";
				CLANG_ENABLE_MODULES = YES;
				CLANG_ENABLE_OBJC_ARC = YES;
				CLANG_WARN_BLOCK_CAPTURE_AUTORELEASING = YES;
				CLANG_WARN_BOOL_CONVERSION = YES;
				CLANG_WARN_COMMA = YES;
				CLANG_WARN_CONSTANT_CONVERSION = YES;
				CLANG_WARN_DIRECT_OBJC_ISA_USAGE = YES_ERROR;
				CLANG_WARN_DOCUMENTATION_COMMENTS = YES;
				CLANG_WARN_EMPTY_BODY = YES;
				CLANG_WARN_ENUM_CONVERSION = YES;
				CLANG_WARN_INFINITE_RECURSION = YES;
				CLANG_WARN_INT_CONVERSION = YES;
				CLANG_WARN_NON_LITERAL_NULL_CONVERSION = YES;
				CLANG_WARN_OBJC_LITERAL_CONVERSION = YES;
				CLANG_WARN_OBJC_ROOT_CLASS = YES_ERROR;
				CLANG_WARN_RANGE_LOOP_ANALYSIS = YES;
				CLANG_WARN_STRICT_PROTOTYPES = YES;
				CLANG_WARN_SUSPICIOUS_MOVE = YES;
				CLANG_WARN_UNGUARDED_AVAILABILITY = YES_AGGRESSIVE;
				CLANG_WARN_UNREACHABLE_CODE = YES;
				CLANG_WARN__DUPLICATE_METHOD_MATCH = YES;
				CODE_SIGN_IDENTITY = "iPhone Developer";
				COPY_PHASE_STRIP = NO;
				DEBUG_INFORMATION_FORMAT = "dwarf-with-dsym";
				ENABLE_NS_ASSERTIONS = NO;
				ENABLE_STRICT_OBJC_MSGSEND = YES;
				GCC_C_LANGUAGE_STANDARD = gnu11;
				GCC_NO_COMMON_BLOCKS = YES;
				GCC_WARN_64_TO_32_BIT_CONVERSION = YES;
				GCC_WARN_ABOUT_RETURN_TYPE = YES_ERROR;
				GCC_WARN_UNDECLARED_SELECTOR = YES;
				GCC_WARN_UNINITIALIZED_AUTOS = YES_AGGRESSIVE;
				GCC_WARN_UNUSED_FUNCTION = YES;
				GCC_WARN_UNUSED_VARIABLE = YES;
				IPHONEOS_DEPLOYMENT_TARGET = 8.0;
				MTL_ENABLE_DEBUG_INFO = NO;
				SDKROOT = iphoneos;
				SWIFT_OPTIMIZATION_LEVEL = "-Owholemodule";
				VALIDATE_PRODUCT = YES;
			};
			name = Release;
		};
		BF6EA0611FB7007F00B49A85 /* Debug */ = {
			isa = XCBuildConfiguration;
			baseConfigurationReference = 13A6B2E58B4A77EDE31B91A0 /* Pods-wenwen.debug.xcconfig */;
			buildSettings = {
				ASSETCATALOG_COMPILER_APPICON_NAME = AppIcon;
				CODE_SIGN_STYLE = Automatic;
				DEVELOPMENT_TEAM = TRV2MP5LUD;
				INFOPLIST_FILE = "$(SRCROOT)/wenwen/Resource/Info.plist";
				IPHONEOS_DEPLOYMENT_TARGET = 8.0;
				LD_RUNPATH_SEARCH_PATHS = "$(inherited) @executable_path/Frameworks";
				PRODUCT_BUNDLE_IDENTIFIER = com.wenwenT;
				PRODUCT_NAME = "$(TARGET_NAME)";
				SWIFT_OBJC_BRIDGING_HEADER = "/Users/weis/问问科技/wenwen_iOS/wenwen/wenwen/Resource/Wenwen-Bridging-Header.h";
				SWIFT_VERSION = 4.0;
				TARGETED_DEVICE_FAMILY = "1,2";
			};
			name = Debug;
		};
		BF6EA0621FB7007F00B49A85 /* Release */ = {
			isa = XCBuildConfiguration;
			baseConfigurationReference = AE2EDFDD2825DE01E76B06D5 /* Pods-wenwen.release.xcconfig */;
			buildSettings = {
				ASSETCATALOG_COMPILER_APPICON_NAME = AppIcon;
				CODE_SIGN_STYLE = Automatic;
				DEVELOPMENT_TEAM = TRV2MP5LUD;
				INFOPLIST_FILE = "$(SRCROOT)/wenwen/Resource/Info.plist";
				IPHONEOS_DEPLOYMENT_TARGET = 8.0;
				LD_RUNPATH_SEARCH_PATHS = "$(inherited) @executable_path/Frameworks";
				PRODUCT_BUNDLE_IDENTIFIER = com.wenwenT;
				PRODUCT_NAME = "$(TARGET_NAME)";
				SWIFT_OBJC_BRIDGING_HEADER = "/Users/weis/问问科技/wenwen_iOS/wenwen/wenwen/Resource/Wenwen-Bridging-Header.h";
				SWIFT_VERSION = 4.0;
				TARGETED_DEVICE_FAMILY = "1,2";
			};
			name = Release;
		};
		BF6EA0641FB7007F00B49A85 /* Debug */ = {
			isa = XCBuildConfiguration;
			buildSettings = {
				ALWAYS_EMBED_SWIFT_STANDARD_LIBRARIES = YES;
				BUNDLE_LOADER = "$(TEST_HOST)";
				CODE_SIGN_STYLE = Automatic;
				DEVELOPMENT_TEAM = TRV2MP5LUD;
				INFOPLIST_FILE = wenwenTests/Info.plist;
				LD_RUNPATH_SEARCH_PATHS = "$(inherited) @executable_path/Frameworks @loader_path/Frameworks";
				PRODUCT_BUNDLE_IDENTIFIER = com.wenwenTests;
				PRODUCT_NAME = "$(TARGET_NAME)";
				SWIFT_VERSION = 4.0;
				TARGETED_DEVICE_FAMILY = "1,2";
				TEST_HOST = "$(BUILT_PRODUCTS_DIR)/wenwen.app/wenwen";
			};
			name = Debug;
		};
		BF6EA0651FB7007F00B49A85 /* Release */ = {
			isa = XCBuildConfiguration;
			buildSettings = {
				ALWAYS_EMBED_SWIFT_STANDARD_LIBRARIES = YES;
				BUNDLE_LOADER = "$(TEST_HOST)";
				CODE_SIGN_STYLE = Automatic;
				DEVELOPMENT_TEAM = TRV2MP5LUD;
				INFOPLIST_FILE = wenwenTests/Info.plist;
				LD_RUNPATH_SEARCH_PATHS = "$(inherited) @executable_path/Frameworks @loader_path/Frameworks";
				PRODUCT_BUNDLE_IDENTIFIER = com.wenwenTests;
				PRODUCT_NAME = "$(TARGET_NAME)";
				SWIFT_VERSION = 4.0;
				TARGETED_DEVICE_FAMILY = "1,2";
				TEST_HOST = "$(BUILT_PRODUCTS_DIR)/wenwen.app/wenwen";
			};
			name = Release;
		};
/* End XCBuildConfiguration section */

/* Begin XCConfigurationList section */
		BF6EA03E1FB7007E00B49A85 /* Build configuration list for PBXProject "wenwen" */ = {
			isa = XCConfigurationList;
			buildConfigurations = (
				BF6EA05E1FB7007F00B49A85 /* Debug */,
				BF6EA05F1FB7007F00B49A85 /* Release */,
			);
			defaultConfigurationIsVisible = 0;
			defaultConfigurationName = Release;
		};
		BF6EA0601FB7007F00B49A85 /* Build configuration list for PBXNativeTarget "wenwen" */ = {
			isa = XCConfigurationList;
			buildConfigurations = (
				BF6EA0611FB7007F00B49A85 /* Debug */,
				BF6EA0621FB7007F00B49A85 /* Release */,
			);
			defaultConfigurationIsVisible = 0;
			defaultConfigurationName = Release;
		};
		BF6EA0631FB7007F00B49A85 /* Build configuration list for PBXNativeTarget "wenwenTests" */ = {
			isa = XCConfigurationList;
			buildConfigurations = (
				BF6EA0641FB7007F00B49A85 /* Debug */,
				BF6EA0651FB7007F00B49A85 /* Release */,
			);
			defaultConfigurationIsVisible = 0;
			defaultConfigurationName = Release;
		};
/* End XCConfigurationList section */
	};
	rootObject = BF6EA03B1FB7007E00B49A85 /* Project object */;
}
